
Microsoft Visual Studio Solution File, Format Version 12.00
# Visual Studio Version 16
VisualStudioVersion = 16.0.32802.440
MinimumVisualStudioVersion = 10.0.40219.1
Project("{FAE04EC0-301F-11D3-BF4B-00C04F79EFBC}") = "LinkShortenerService", "LinkShortenerService\LinkShortenerService.csproj", "{DF202ECF-3D65-4FE3-A323-05F7A1ADA38F}"
EndProject
Global
	GlobalSection(SolutionConfigurationPlatforms) = preSolution
		Debug|Any CPU = Debug|Any CPU
		Release|Any CPU = Release|Any CPU
	EndGlobalSection
	GlobalSection(ProjectConfigurationPlatforms) = postSolution
		{DF202ECF-3D65-4FE3-A323-05F7A1ADA38F}.Debug|Any CPU.ActiveCfg = Debug|Any CPU
		{DF202ECF-3D65-4FE3-A323-05F7A1ADA38F}.Debug|Any CPU.Build.0 = Debug|Any CPU
		{DF202ECF-3D65-4FE3-A323-05F7A1ADA38F}.Release|Any CPU.ActiveCfg = Release|Any CPU
		{DF202ECF-3D65-4FE3-A323-05F7A1ADA38F}.Release|Any CPU.Build.0 = Release|Any CPU
	EndGlobalSection
	GlobalSection(SolutionProperties) = preSolution
		HideSolutionNode = FALSE
	EndGlobalSection
	GlobalSection(ExtensibilityGlobals) = postSolution
		SolutionGuid = {2C92CED9-7286-4A05-BDA9-C40354448CC7}
	EndGlobalSection
EndGlobal
